
Microsoft Visual Studio Solution File, Format Version 12.00
# Visual Studio Version 17
VisualStudioVersion = 17.4.32916.344
MinimumVisualStudioVersion = 10.0.40219.1
Project("{9A19103F-16F7-4668-BE54-9A1E7A4F7556}") = "Jyunrcaea! Framework", "Jyunrcaea! Framework.csproj", "{37D40300-DCCF-40A1-B55D-B9161F302EE0}"
EndProject
Project("{9A19103F-16F7-4668-BE54-9A1E7A4F7556}") = "Jyunrcaea", "..\Jyunrcaea\Jyunrcaea.csproj", "{F8C0DD21-6600-49DF-88B0-B827A4B7F29C}"
EndProject
Project("{9A19103F-16F7-4668-BE54-9A1E7A4F7556}") = "Zenerety", "..\Zenerety\Zenerety.csproj", "{EFDAAF6B-FAD4-4DE7-BCD4-EC4F63EDF07F}"
EndProject
Project("{9A19103F-16F7-4668-BE54-9A1E7A4F7556}") = "FunctionTest", "..\FunctionTest\FunctionTest.csproj", "{FF26D047-D5D4-4469-84CD-6D83B2CDDE55}"
EndProject
Global
	GlobalSection(SolutionConfigurationPlatforms) = preSolution
		Debug|Any CPU = Debug|Any CPU
		Debug|x86 = Debug|x86
		Release|Any CPU = Release|Any CPU
		Release|x86 = Release|x86
	EndGlobalSection
	GlobalSection(ProjectConfigurationPlatforms) = postSolution
		{37D40300-DCCF-40A1-B55D-B9161F302EE0}.Debug|Any CPU.ActiveCfg = Debug|Any CPU
		{37D40300-DCCF-40A1-B55D-B9161F302EE0}.Debug|Any CPU.Build.0 = Debug|Any CPU
		{37D40300-DCCF-40A1-B55D-B9161F302EE0}.Debug|x86.ActiveCfg = Debug|x86
		{37D40300-DCCF-40A1-B55D-B9161F302EE0}.Debug|x86.Build.0 = Debug|x86
		{37D40300-DCCF-40A1-B55D-B9161F302EE0}.Release|Any CPU.ActiveCfg = Release|Any CPU
		{37D40300-DCCF-40A1-B55D-B9161F302EE0}.Release|Any CPU.Build.0 = Release|Any CPU
		{37D40300-DCCF-40A1-B55D-B9161F302EE0}.Release|x86.ActiveCfg = Release|Any CPU
		{37D40300-DCCF-40A1-B55D-B9161F302EE0}.Release|x86.Build.0 = Release|Any CPU
		{F8C0DD21-6600-49DF-88B0-B827A4B7F29C}.Debug|Any CPU.ActiveCfg = Debug|Any CPU
		{F8C0DD21-6600-49DF-88B0-B827A4B7F29C}.Debug|Any CPU.Build.0 = Debug|Any CPU
		{F8C0DD21-6600-49DF-88B0-B827A4B7F29C}.Debug|x86.ActiveCfg = Debug|x86
		{F8C0DD21-6600-49DF-88B0-B827A4B7F29C}.Debug|x86.Build.0 = Debug|x86
		{F8C0DD21-6600-49DF-88B0-B827A4B7F29C}.Release|Any CPU.ActiveCfg = Release|Any CPU
		{F8C0DD21-6600-49DF-88B0-B827A4B7F29C}.Release|Any CPU.Build.0 = Release|Any CPU
		{F8C0DD21-6600-49DF-88B0-B827A4B7F29C}.Release|x86.ActiveCfg = Release|Any CPU
		{F8C0DD21-6600-49DF-88B0-B827A4B7F29C}.Release|x86.Build.0 = Release|Any CPU
		{EFDAAF6B-FAD4-4DE7-BCD4-EC4F63EDF07F}.Debug|Any CPU.ActiveCfg = Debug|Any CPU
		{EFDAAF6B-FAD4-4DE7-BCD4-EC4F63EDF07F}.Debug|Any CPU.Build.0 = Debug|Any CPU
		{EFDAAF6B-FAD4-4DE7-BCD4-EC4F63EDF07F}.Debug|x86.ActiveCfg = Debug|x86
		{EFDAAF6B-FAD4-4DE7-BCD4-EC4F63EDF07F}.Debug|x86.Build.0 = Debug|x86
		{EFDAAF6B-FAD4-4DE7-BCD4-EC4F63EDF07F}.Release|Any CPU.ActiveCfg = Release|Any CPU
		{EFDAAF6B-FAD4-4DE7-BCD4-EC4F63EDF07F}.Release|Any CPU.Build.0 = Release|Any CPU
		{EFDAAF6B-FAD4-4DE7-BCD4-EC4F63EDF07F}.Release|x86.ActiveCfg = Release|Any CPU
		{EFDAAF6B-FAD4-4DE7-BCD4-EC4F63EDF07F}.Release|x86.Build.0 = Release|Any CPU
		{FF26D047-D5D4-4469-84CD-6D83B2CDDE55}.Debug|Any CPU.ActiveCfg = Debug|Any CPU
		{FF26D047-D5D4-4469-84CD-6D83B2CDDE55}.Debug|Any CPU.Build.0 = Debug|Any CPU
		{FF26D047-D5D4-4469-84CD-6D83B2CDDE55}.Debug|x86.ActiveCfg = Debug|x86
		{FF26D047-D5D4-4469-84CD-6D83B2CDDE55}.Debug|x86.Build.0 = Debug|x86
		{FF26D047-D5D4-4469-84CD-6D83B2CDDE55}.Release|Any CPU.ActiveCfg = Release|Any CPU
		{FF26D047-D5D4-4469-84CD-6D83B2CDDE55}.Release|Any CPU.Build.0 = Release|Any CPU
		{FF26D047-D5D4-4469-84CD-6D83B2CDDE55}.Release|x86.ActiveCfg = Release|Any CPU
		{FF26D047-D5D4-4469-84CD-6D83B2CDDE55}.Release|x86.Build.0 = Release|Any CPU
	EndGlobalSection
	GlobalSection(SolutionProperties) = preSolution
		HideSolutionNode = FALSE
	EndGlobalSection
	GlobalSection(ExtensibilityGlobals) = postSolution
		SolutionGuid = {572AC262-9F24-431A-835E-F1385D6FD60C}
	EndGlobalSection
EndGlobal
